
Microsoft Visual Studio Solution File, Format Version 12.00
# Visual Studio Version 16
VisualStudioVersion = 16.0.30114.105
MinimumVisualStudioVersion = 10.0.40219.1
Project("{2150E333-8FDC-42A3-9474-1A3956D46DE8}") = "src", "src", "{632AEDC0-AC57-44CC-9EC3-FA8C717F74AD}"
EndProject
Project("{2150E333-8FDC-42A3-9474-1A3956D46DE8}") = "server", "server", "{9E79FF99-555B-4A61-8C9D-C5BE3CD1FC92}"
EndProject
Project("{FAE04EC0-301F-11D3-BF4B-00C04F79EFBC}") = "Sharpi.EduNextAutomation.Server", "src\server\Sharpi.EduNextAutomation.Server\Sharpi.EduNextAutomation.Server.csproj", "{6563FF39-A228-4F8D-A804-2640F102EEF8}"
EndProject
Global
	GlobalSection(SolutionConfigurationPlatforms) = preSolution
		Debug|Any CPU = Debug|Any CPU
		Release|Any CPU = Release|Any CPU
	EndGlobalSection
	GlobalSection(SolutionProperties) = preSolution
		HideSolutionNode = FALSE
	EndGlobalSection
	GlobalSection(ProjectConfigurationPlatforms) = postSolution
		{6563FF39-A228-4F8D-A804-2640F102EEF8}.Debug|Any CPU.ActiveCfg = Debug|Any CPU
		{6563FF39-A228-4F8D-A804-2640F102EEF8}.Debug|Any CPU.Build.0 = Debug|Any CPU
		{6563FF39-A228-4F8D-A804-2640F102EEF8}.Release|Any CPU.ActiveCfg = Release|Any CPU
		{6563FF39-A228-4F8D-A804-2640F102EEF8}.Release|Any CPU.Build.0 = Release|Any CPU
	EndGlobalSection
	GlobalSection(NestedProjects) = preSolution
		{9E79FF99-555B-4A61-8C9D-C5BE3CD1FC92} = {632AEDC0-AC57-44CC-9EC3-FA8C717F74AD}
		{6563FF39-A228-4F8D-A804-2640F102EEF8} = {9E79FF99-555B-4A61-8C9D-C5BE3CD1FC92}
	EndGlobalSection
EndGlobal
